// !$*UTF8*$!
{
	archiveVersion = 1;
	classes = {
	};
	objectVersion = 46;
	objects = {

/* Begin PBXBuildFile section */
		72ECBBAF1BBF0A4500806AC4 /* AppDelegate.swift in Sources */ = {isa = PBXBuildFile; fileRef = 72ECBBAE1BBF0A4500806AC4 /* AppDelegate.swift */; };
		72ECBBB11BBF0A4500806AC4 /* ViewController.swift in Sources */ = {isa = PBXBuildFile; fileRef = 72ECBBB01BBF0A4500806AC4 /* ViewController.swift */; };
		72ECBBB41BBF0A4500806AC4 /* Main.storyboard in Resources */ = {isa = PBXBuildFile; fileRef = 72ECBBB21BBF0A4500806AC4 /* Main.storyboard */; };
		72ECBBB61BBF0A4500806AC4 /* Assets.xcassets in Resources */ = {isa = PBXBuildFile; fileRef = 72ECBBB51BBF0A4500806AC4 /* Assets.xcassets */; };
		72ECBBB91BBF0A4500806AC4 /* LaunchScreen.storyboard in Resources */ = {isa = PBXBuildFile; fileRef = 72ECBBB71BBF0A4500806AC4 /* LaunchScreen.storyboard */; };
		72ECBBC41BBF0A4500806AC4 /* CalculatorTests.swift in Sources */ = {isa = PBXBuildFile; fileRef = 72ECBBC31BBF0A4500806AC4 /* CalculatorTests.swift */; };
		72ECBBCF1BBF0A4500806AC4 /* CalculatorUITests.swift in Sources */ = {isa = PBXBuildFile; fileRef = 72ECBBCE1BBF0A4500806AC4 /* CalculatorUITests.swift */; };
/* End PBXBuildFile section */

/* Begin PBXContainerItemProxy section */
		72ECBBC01BBF0A4500806AC4 /* PBXContainerItemProxy */ = {
			isa = PBXContainerItemProxy;
			containerPortal = 72ECBBA31BBF0A4500806AC4 /* Project object */;
			proxyType = 1;
			remoteGlobalIDString = 72ECBBAA1BBF0A4500806AC4;
			remoteInfo = Calculator;
		};
		72ECBBCB1BBF0A4500806AC4 /* PBXContainerItemProxy */ = {
			isa = PBXContainerItemProxy;
			containerPortal = 72ECBBA31BBF0A4500806AC4 /* Project object */;
			proxyType = 1;
			remoteGlobalIDString = 72ECBBAA1BBF0A4500806AC4;
			remoteInfo = Calculator;
		};
/* End PBXContainerItemProxy section */

/* Begin PBXFileReference section */
		72ECBBAB1BBF0A4500806AC4 /* Calculator.app */ = {isa = PBXFileReference; explicitFileType = wrapper.application; includeInIndex = 0; path = Calculator.app; sourceTree = BUILT_PRODUCTS_DIR; };
		72ECBBAE1BBF0A4500806AC4 /* AppDelegate.swift */ = {isa = PBXFileReference; lastKnownFileType = sourcecode.swift; path = AppDelegate.swift; sourceTree = "<group>"; };
		72ECBBB01BBF0A4500806AC4 /* ViewController.swift */ = {isa = PBXFileReference; lastKnownFileType = sourcecode.swift; path = ViewController.swift; sourceTree = "<group>"; };
		72ECBBB31BBF0A4500806AC4 /* Base */ = {isa = PBXFileReference; lastKnownFileType = file.storyboard; name = Base; path = Base.lproj/Main.storyboard; sourceTree = "<group>"; };
		72ECBBB51BBF0A4500806AC4 /* Assets.xcassets */ = {isa = PBXFileReference; lastKnownFileType = folder.assetcatalog; path = Assets.xcassets; sourceTree = "<group>"; };
		72ECBBB81BBF0A4500806AC4 /* Base */ = {isa = PBXFileReference; lastKnownFileType = file.storyboard; name = Base; path = Base.lproj/LaunchScreen.storyboard; sourceTree = "<group>"; };
		72ECBBBA1BBF0A4500806AC4 /* Info.plist */ = {isa = PBXFileReference; lastKnownFileType = text.plist.xml; path = Info.plist; sourceTree = "<group>"; };
		72ECBBBF1BBF0A4500806AC4 /* CalculatorTests.xctest */ = {isa = PBXFileReference; explicitFileType = wrapper.cfbundle; includeInIndex = 0; path = CalculatorTests.xctest; sourceTree = BUILT_PRODUCTS_DIR; };
		72ECBBC31BBF0A4500806AC4 /* CalculatorTests.swift */ = {isa = PBXFileReference; lastKnownFileType = sourcecode.swift; path = CalculatorTests.swift; sourceTree = "<group>"; };
		72ECBBC51BBF0A4500806AC4 /* Info.plist */ = {isa = PBXFileReference; lastKnownFileType = text.plist.xml; path = Info.plist; sourceTree = "<group>"; };
		72ECBBCA1BBF0A4500806AC4 /* CalculatorUITests.xctest */ = {isa = PBXFileReference; explicitFileType = wrapper.cfbundle; includeInIndex = 0; path = CalculatorUITests.xctest; sourceTree = BUILT_PRODUCTS_DIR; };
		72ECBBCE1BBF0A4500806AC4 /* CalculatorUITests.swift */ = {isa = PBXFileReference; lastKnownFileType = sourcecode.swift; path = CalculatorUITests.swift; sourceTree = "<group>"; };
		72ECBBD01BBF0A4500806AC4 /* Info.plist */ = {isa = PBXFileReference; lastKnownFileType = text.plist.xml; path = Info.plist; sourceTree = "<group>"; };
/* End PBXFileReference section */

/* Begin PBXFrameworksBuildPhase section */
		72ECBBA81BBF0A4500806AC4 /* Frameworks */ = {
			isa = PBXFrameworksBuildPhase;
			buildActionMask = 2147483647;
			files = (
			);
			runOnlyForDeploymentPostprocessing = 0;
		};
		72ECBBBC1BBF0A4500806AC4 /* Frameworks */ = {
			isa = PBXFrameworksBuildPhase;
			buildActionMask = 2147483647;
			files = (
			);
			runOnlyForDeploymentPostprocessing = 0;
		};
		72ECBBC71BBF0A4500806AC4 /* Frameworks */ = {
			isa = PBXFrameworksBuildPhase;
			buildActionMask = 2147483647;
			files = (
			);
			runOnlyForDeploymentPostprocessing = 0;
		};
/* End PBXFrameworksBuildPhase section */

/* Begin PBXGroup section */
		72ECBBA21BBF0A4500806AC4 = {
			isa = PBXGroup;
			children = (
				72ECBBAD1BBF0A4500806AC4 /* Calculator */,
				72ECBBC21BBF0A4500806AC4 /* CalculatorTests */,
				72ECBBCD1BBF0A4500806AC4 /* CalculatorUITests */,
				72ECBBAC1BBF0A4500806AC4 /* Products */,
			);
			sourceTree = "<group>";
		};
		72ECBBAC1BBF0A4500806AC4 /* Products */ = {
			isa = PBXGroup;
			children = (
				72ECBBAB1BBF0A4500806AC4 /* Calculator.app */,
				72ECBBBF1BBF0A4500806AC4 /* CalculatorTests.xctest */,
				72ECBBCA1BBF0A4500806AC4 /* CalculatorUITests.xctest */,
			);
			name = Products;
			sourceTree = "<group>";
		};
		72ECBBAD1BBF0A4500806AC4 /* Calculator */ = {
			isa = PBXGroup;
			children = (
				72ECBBAE1BBF0A4500806AC4 /* AppDelegate.swift */,
				72ECBBB01BBF0A4500806AC4 /* ViewController.swift */,
				72ECBBB21BBF0A4500806AC4 /* Main.storyboard */,
				72ECBBB51BBF0A4500806AC4 /* Assets.xcassets */,
				72ECBBB71BBF0A4500806AC4 /* LaunchScreen.storyboard */,
				72ECBBBA1BBF0A4500806AC4 /* Info.plist */,
			);
			path = Calculator;
			sourceTree = "<group>";
		};
		72ECBBC21BBF0A4500806AC4 /* CalculatorTests */ = {
			isa = PBXGroup;
			children = (
				72ECBBC31BBF0A4500806AC4 /* CalculatorTests.swift */,
				72ECBBC51BBF0A4500806AC4 /* Info.plist */,
			);
			path = CalculatorTests;
			sourceTree = "<group>";
		};
		72ECBBCD1BBF0A4500806AC4 /* CalculatorUITests */ = {
			isa = PBXGroup;
			children = (
				72ECBBCE1BBF0A4500806AC4 /* CalculatorUITests.swift */,
				72ECBBD01BBF0A4500806AC4 /* Info.plist */,
			);
			path = CalculatorUITests;
			sourceTree = "<group>";
		};
/* End PBXGroup section */

/* Begin PBXNativeTarget section */
		72ECBBAA1BBF0A4500806AC4 /* Calculator */ = {
			isa = PBXNativeTarget;
			buildConfigurationList = 72ECBBD31BBF0A4500806AC4 /* Build configuration list for PBXNativeTarget "Calculator" */;
			buildPhases = (
				72ECBBA71BBF0A4500806AC4 /* Sources */,
				72ECBBA81BBF0A4500806AC4 /* Frameworks */,
				72ECBBA91BBF0A4500806AC4 /* Resources */,
			);
			buildRules = (
			);
			dependencies = (
			);
			name = Calculator;
			productName = Calculator;
			productReference = 72ECBBAB1BBF0A4500806AC4 /* Calculator.app */;
			productType = "com.apple.product-type.application";
		};
		72ECBBBE1BBF0A4500806AC4 /* CalculatorTests */ = {
			isa = PBXNativeTarget;
			buildConfigurationList = 72ECBBD61BBF0A4500806AC4 /* Build configuration list for PBXNativeTarget "CalculatorTests" */;
			buildPhases = (
				72ECBBBB1BBF0A4500806AC4 /* Sources */,
				72ECBBBC1BBF0A4500806AC4 /* Frameworks */,
				72ECBBBD1BBF0A4500806AC4 /* Resources */,
			);
			buildRules = (
			);
			dependencies = (
				72ECBBC11BBF0A4500806AC4 /* PBXTargetDependency */,
			);
			name = CalculatorTests;
			productName = CalculatorTests;
			productReference = 72ECBBBF1BBF0A4500806AC4 /* CalculatorTests.xctest */;
			productType = "com.apple.product-type.bundle.unit-test";
		};
		72ECBBC91BBF0A4500806AC4 /* CalculatorUITests */ = {
			isa = PBXNativeTarget;
			buildConfigurationList = 72ECBBD91BBF0A4500806AC4 /* Build configuration list for PBXNativeTarget "CalculatorUITests" */;
			buildPhases = (
				72ECBBC61BBF0A4500806AC4 /* Sources */,
				72ECBBC71BBF0A4500806AC4 /* Frameworks */,
				72ECBBC81BBF0A4500806AC4 /* Resources */,
			);
			buildRules = (
			);
			dependencies = (
				72ECBBCC1BBF0A4500806AC4 /* PBXTargetDependency */,
			);
			name = CalculatorUITests;
			productName = CalculatorUITests;
			productReference = 72ECBBCA1BBF0A4500806AC4 /* CalculatorUITests.xctest */;
			productType = "com.apple.product-type.bundle.ui-testing";
		};
/* End PBXNativeTarget section */

/* Begin PBXProject section */
		72ECBBA31BBF0A4500806AC4 /* Project object */ = {
			isa = PBXProject;
			attributes = {
				LastUpgradeCheck = 0700;
				ORGANIZATIONNAME = "Scott Perlitch";
				TargetAttributes = {
					72ECBBAA1BBF0A4500806AC4 = {
						CreatedOnToolsVersion = 7.0.1;
					};
					72ECBBBE1BBF0A4500806AC4 = {
						CreatedOnToolsVersion = 7.0.1;
						TestTargetID = 72ECBBAA1BBF0A4500806AC4;
					};
					72ECBBC91BBF0A4500806AC4 = {
						CreatedOnToolsVersion = 7.0.1;
						TestTargetID = 72ECBBAA1BBF0A4500806AC4;
					};
				};
			};
			buildConfigurationList = 72ECBBA61BBF0A4500806AC4 /* Build configuration list for PBXProject "Calculator" */;
			compatibilityVersion = "Xcode 3.2";
			developmentRegion = English;
			hasScannedForEncodings = 0;
			knownRegions = (
				en,
				Base,
			);
			mainGroup = 72ECBBA21BBF0A4500806AC4;
			productRefGroup = 72ECBBAC1BBF0A4500806AC4 /* Products */;
			projectDirPath = "";
			projectRoot = "";
			targets = (
				72ECBBAA1BBF0A4500806AC4 /* Calculator */,
				72ECBBBE1BBF0A4500806AC4 /* CalculatorTests */,
				72ECBBC91BBF0A4500806AC4 /* CalculatorUITests */,
			);
		};
/* End PBXProject section */

/* Begin PBXResourcesBuildPhase section */
		72ECBBA91BBF0A4500806AC4 /* Resources */ = {
			isa = PBXResourcesBuildPhase;
			buildActionMask = 2147483647;
			files = (
				72ECBBB91BBF0A4500806AC4 /* LaunchScreen.storyboard in Resources */,
				72ECBBB61BBF0A4500806AC4 /* Assets.xcassets in Resources */,
				72ECBBB41BBF0A4500806AC4 /* Main.storyboard in Resources */,
			);
			runOnlyForDeploymentPostprocessing = 0;
		};
		72ECBBBD1BBF0A4500806AC4 /* Resources */ = {
			isa = PBXResourcesBuildPhase;
			buildActionMask = 2147483647;
			files = (
			);
			runOnlyForDeploymentPostprocessing = 0;
		};
		72ECBBC81BBF0A4500806AC4 /* Resources */ = {
			isa = PBXResourcesBuildPhase;
			buildActionMask = 2147483647;
			files = (
			);
			runOnlyForDeploymentPostprocessing = 0;
		};
/* End PBXResourcesBuildPhase section */

/* Begin PBXSourcesBuildPhase section */
		72ECBBA71BBF0A4500806AC4 /* Sources */ = {
			isa = PBXSourcesBuildPhase;
			buildActionMask = 2147483647;
			files = (
				72ECBBB11BBF0A4500806AC4 /* ViewController.swift in Sources */,
				72ECBBAF1BBF0A4500806AC4 /* AppDelegate.swift in Sources */,
			);
			runOnlyForDeploymentPostprocessing = 0;
		};
		72ECBBBB1BBF0A4500806AC4 /* Sources */ = {
			isa = PBXSourcesBuildPhase;
			buildActionMask = 2147483647;
			files = (
				72ECBBC41BBF0A4500806AC4 /* CalculatorTests.swift in Sources */,
			);
			runOnlyForDeploymentPostprocessing = 0;
		};
		72ECBBC61BBF0A4500806AC4 /* Sources */ = {
			isa = PBXSourcesBuildPhase;
			buildActionMask = 2147483647;
			files = (
				72ECBBCF1BBF0A4500806AC4 /* CalculatorUITests.swift in Sources */,
			);
			runOnlyForDeploymentPostprocessing = 0;
		};
/* End PBXSourcesBuildPhase section */

/* Begin PBXTargetDependency section */
		72ECBBC11BBF0A4500806AC4 /* PBXTargetDependency */ = {
			isa = PBXTargetDependency;
			target = 72ECBBAA1BBF0A4500806AC4 /* Calculator */;
			targetProxy = 72ECBBC01BBF0A4500806AC4 /* PBXContainerItemProxy */;
		};
		72ECBBCC1BBF0A4500806AC4 /* PBXTargetDependency */ = {
			isa = PBXTargetDependency;
			target = 72ECBBAA1BBF0A4500806AC4 /* Calculator */;
			targetProxy = 72ECBBCB1BBF0A4500806AC4 /* PBXContainerItemProxy */;
		};
/* End PBXTargetDependency section */

/* Begin PBXVariantGroup section */
		72ECBBB21BBF0A4500806AC4 /* Main.storyboard */ = {
			isa = PBXVariantGroup;
			children = (
				72ECBBB31BBF0A4500806AC4 /* Base */,
			);
			name = Main.storyboard;
			sourceTree = "<group>";
		};
		72ECBBB71BBF0A4500806AC4 /* LaunchScreen.storyboard */ = {
			isa = PBXVariantGroup;
			children = (
				72ECBBB81BBF0A4500806AC4 /* Base */,
			);
			name = LaunchScreen.storyboard;
			sourceTree = "<group>";
		};
/* End PBXVariantGroup section */

/* Begin XCBuildConfiguration section */
		72ECBBD11BBF0A4500806AC4 /* Debug */ = {
			isa = XCBuildConfiguration;
			buildSettings = {
				ALWAYS_SEARCH_USER_PATHS = NO;
				CLANG_CXX_LANGUAGE_STANDARD = "gnu++0x";
				CLANG_CXX_LIBRARY = "libc++";
				CLANG_ENABLE_MODULES = YES;
				CLANG_ENABLE_OBJC_ARC = YES;
				CLANG_WARN_BOOL_CONVERSION = YES;
				CLANG_WARN_CONSTANT_CONVERSION = YES;
				CLANG_WARN_DIRECT_OBJC_ISA_USAGE = YES_ERROR;
				CLANG_WARN_EMPTY_BODY = YES;
				CLANG_WARN_ENUM_CONVERSION = YES;
				CLANG_WARN_INT_CONVERSION = YES;
				CLANG_WARN_OBJC_ROOT_CLASS = YES_ERROR;
				CLANG_WARN_UNREACHABLE_CODE = YES;
				CLANG_WARN__DUPLICATE_METHOD_MATCH = YES;
				"CODE_SIGN_IDENTITY[sdk=iphoneos*]" = "iPhone Developer";
				COPY_PHASE_STRIP = NO;
				DEBUG_INFORMATION_FORMAT = dwarf;
				ENABLE_STRICT_OBJC_MSGSEND = YES;
				ENABLE_TESTABILITY = YES;
				GCC_C_LANGUAGE_STANDARD = gnu99;
				GCC_DYNAMIC_NO_PIC = NO;
				GCC_NO_COMMON_BLOCKS = YES;
				GCC_OPTIMIZATION_LEVEL = 0;
				GCC_PREPROCESSOR_DEFINITIONS = (
					"DEBUG=1",
					"$(inherited)",
				);
				GCC_WARN_64_TO_32_BIT_CONVERSION = YES;
				GCC_WARN_ABOUT_RETURN_TYPE = YES_ERROR;
				GCC_WARN_UNDECLARED_SELECTOR = YES;
				GCC_WARN_UNINITIALIZED_AUTOS = YES_AGGRESSIVE;
				GCC_WARN_UNUSED_FUNCTION = YES;
				GCC_WARN_UNUSED_VARIABLE = YES;
				IPHONEOS_DEPLOYMENT_TARGET = 9.0;
				MTL_ENABLE_DEBUG_INFO = YES;
				ONLY_ACTIVE_ARCH = YES;
				SDKROOT = iphoneos;
				SWIFT_OPTIMIZATION_LEVEL = "-Onone";
				TARGETED_DEVICE_FAMILY = "1,2";
			};
			name = Debug;
		};
		72ECBBD21BBF0A4500806AC4 /* Release */ = {
			isa = XCBuildConfiguration;
			buildSettings = {
				ALWAYS_SEARCH_USER_PATHS = NO;
				CLANG_CXX_LANGUAGE_STANDARD = "gnu++0x";
				CLANG_CXX_LIBRARY = "libc++";
				CLANG_ENABLE_MODULES = YES;
				CLANG_ENABLE_OBJC_ARC = YES;
				CLANG_WARN_BOOL_CONVERSION = YES;
				CLANG_WARN_CONSTANT_CONVERSION = YES;
				CLANG_WARN_DIRECT_OBJC_ISA_USAGE = YES_ERROR;
				CLANG_WARN_EMPTY_BODY = YES;
				CLANG_WARN_ENUM_CONVERSION = YES;
				CLANG_WARN_INT_CONVERSION = YES;
				CLANG_WARN_OBJC_ROOT_CLASS = YES_ERROR;
				CLANG_WARN_UNREACHABLE_CODE = YES;
				CLANG_WARN__DUPLICATE_METHOD_MATCH = YES;
				"CODE_SIGN_IDENTITY[sdk=iphoneos*]" = "iPhone Developer";
				COPY_PHASE_STRIP = NO;
				DEBUG_INFORMATION_FORMAT = "dwarf-with-dsym";
				ENABLE_NS_ASSERTIONS = NO;
				ENABLE_STRICT_OBJC_MSGSEND = YES;
				GCC_C_LANGUAGE_STANDARD = gnu99;
				GCC_NO_COMMON_BLOCKS = YES;
				GCC_WARN_64_TO_32_BIT_CONVERSION = YES;
				GCC_WARN_ABOUT_RETURN_TYPE = YES_ERROR;
				GCC_WARN_UNDECLARED_SELECTOR = YES;
				GCC_WARN_UNINITIALIZED_AUTOS = YES_AGGRESSIVE;
				GCC_WARN_UNUSED_FUNCTION = YES;
				GCC_WARN_UNUSED_VARIABLE = YES;
				IPHONEOS_DEPLOYMENT_TARGET = 9.0;
				MTL_ENABLE_DEBUG_INFO = NO;
				SDKROOT = iphoneos;
				TARGETED_DEVICE_FAMILY = "1,2";
				VALIDATE_PRODUCT = YES;
			};
			name = Release;
		};
		72ECBBD41BBF0A4500806AC4 /* Debug */ = {
			isa = XCBuildConfiguration;
			buildSettings = {
				ASSETCATALOG_COMPILER_APPICON_NAME = AppIcon;
				INFOPLIST_FILE = Calculator/Info.plist;
				LD_RUNPATH_SEARCH_PATHS = "$(inherited) @executable_path/Frameworks";
				PRODUCT_BUNDLE_IDENTIFIER = scottperlitch.Calculator;
				PRODUCT_NAME = "$(TARGET_NAME)";
			};
			name = Debug;
		};
		72ECBBD51BBF0A4500806AC4 /* Release */ = {
			isa = XCBuildConfiguration;
			buildSettings = {
				ASSETCATALOG_COMPILER_APPICON_NAME = AppIcon;
				INFOPLIST_FILE = Calculator/Info.plist;
				LD_RUNPATH_SEARCH_PATHS = "$(inherited) @executable_path/Frameworks";
				PRODUCT_BUNDLE_IDENTIFIER = scottperlitch.Calculator;
				PRODUCT_NAME = "$(TARGET_NAME)";
			};
			name = Release;
		};
		72ECBBD71BBF0A4500806AC4 /* Debug */ = {
			isa = XCBuildConfiguration;
			buildSettings = {
				BUNDLE_LOADER = "$(TEST_HOST)";
				INFOPLIST_FILE = CalculatorTests/Info.plist;
				LD_RUNPATH_SEARCH_PATHS = "$(inherited) @executable_path/Frameworks @loader_path/Frameworks";
				PRODUCT_BUNDLE_IDENTIFIER = scottperlitch.CalculatorTests;
				PRODUCT_NAME = "$(TARGET_NAME)";
				TEST_HOST = "$(BUILT_PRODUCTS_DIR)/Calculator.app/Calculator";
			};
			name = Debug;
		};
		72ECBBD81BBF0A4500806AC4 /* Release */ = {
			isa = XCBuildConfiguration;
			buildSettings = {
				BUNDLE_LOADER = "$(TEST_HOST)";
				INFOPLIST_FILE = CalculatorTests/Info.plist;
				LD_RUNPATH_SEARCH_PATHS = "$(inherited) @executable_path/Frameworks @loader_path/Frameworks";
				PRODUCT_BUNDLE_IDENTIFIER = scottperlitch.CalculatorTests;
				PRODUCT_NAME = "$(TARGET_NAME)";
				TEST_HOST = "$(BUILT_PRODUCTS_DIR)/Calculator.app/Calculator";
			};
			name = Release;
		};
		72ECBBDA1BBF0A4500806AC4 /* Debug */ = {
			isa = XCBuildConfiguration;
			buildSettings = {
				INFOPLIST_FILE = CalculatorUITests/Info.plist;
				LD_RUNPATH_SEARCH_PATHS = "$(inherited) @executable_path/Frameworks @loader_path/Frameworks";
				PRODUCT_BUNDLE_IDENTIFIER = scottperlitch.CalculatorUITests;
				PRODUCT_NAME = "$(TARGET_NAME)";
				TEST_TARGET_NAME = Calculator;
				USES_XCTRUNNER = YES;
			};
			name = Debug;
		};
		72ECBBDB1BBF0A4500806AC4 /* Release */ = {
			isa = XCBuildConfiguration;
			buildSettings = {
				INFOPLIST_FILE = CalculatorUITests/Info.plist;
				LD_RUNPATH_SEARCH_PATHS = "$(inherited) @executable_path/Frameworks @loader_path/Frameworks";
				PRODUCT_BUNDLE_IDENTIFIER = scottperlitch.CalculatorUITests;
				PRODUCT_NAME = "$(TARGET_NAME)";
				TEST_TARGET_NAME = Calculator;
				USES_XCTRUNNER = YES;
			};
			name = Release;
		};
/* End XCBuildConfiguration section */

/* Begin XCConfigurationList section */
		72ECBBA61BBF0A4500806AC4 /* Build configuration list for PBXProject "Calculator" */ = {
			isa = XCConfigurationList;
			buildConfigurations = (
				72ECBBD11BBF0A4500806AC4 /* Debug */,
				72ECBBD21BBF0A4500806AC4 /* Release */,
			);
			defaultConfigurationIsVisible = 0;
			defaultConfigurationName = Release;
		};
		72ECBBD31BBF0A4500806AC4 /* Build configuration list for PBXNativeTarget "Calculator" */ = {
			isa = XCConfigurationList;
			buildConfigurations = (
				72ECBBD41BBF0A4500806AC4 /* Debug */,
				72ECBBD51BBF0A4500806AC4 /* Release */,
			);
			defaultConfigurationIsVisible = 0;
		};
		72ECBBD61BBF0A4500806AC4 /* Build configuration list for PBXNativeTarget "CalculatorTests" */ = {
			isa = XCConfigurationList;
			buildConfigurations = (
				72ECBBD71BBF0A4500806AC4 /* Debug */,
				72ECBBD81BBF0A4500806AC4 /* Release */,
			);
			defaultConfigurationIsVisible = 0;
		};
		72ECBBD91BBF0A4500806AC4 /* Build configuration list for PBXNativeTarget "CalculatorUITests" */ = {
			isa = XCConfigurationList;
			buildConfigurations = (
				72ECBBDA1BBF0A4500806AC4 /* Debug */,
				72ECBBDB1BBF0A4500806AC4 /* Release */,
			);
			defaultConfigurationIsVisible = 0;
		};
/* End XCConfigurationList section */
	};
	rootObject = 72ECBBA31BBF0A4500806AC4 /* Project object */;
}
